// !$*UTF8*$!
{
	archiveVersion = 1;
	classes = {
	};
	objectVersion = 55;
	objects = {

/* Begin PBXBuildFile section */
		C7024BA5293758770032AF77 /* Storable.swift in Sources */ = {isa = PBXBuildFile; fileRef = C7024BA4293758770032AF77 /* Storable.swift */; };
		C7024BA8293758C70032AF77 /* DatabaseCoordinatable.swift in Sources */ = {isa = PBXBuildFile; fileRef = C7024BA7293758C70032AF77 /* DatabaseCoordinatable.swift */; };
		C7024BAC2938DDC20032AF77 /* Database.xcdatamodeld in Sources */ = {isa = PBXBuildFile; fileRef = C7024BAA2938DDC20032AF77 /* Database.xcdatamodeld */; };
		C7024BAE2938E17E0032AF77 /* CoreDataCoordinator.swift in Sources */ = {isa = PBXBuildFile; fileRef = C7024BAD2938E17E0032AF77 /* CoreDataCoordinator.swift */; };
		C7024BB02939D3A80032AF77 /* FeedTableManager.swift in Sources */ = {isa = PBXBuildFile; fileRef = C7024BAF2939D3A80032AF77 /* FeedTableManager.swift */; };
		C759180327F39CB2004DB176 /* LogInScreen.swift in Sources */ = {isa = PBXBuildFile; fileRef = C759180227F39CB2004DB176 /* LogInScreen.swift */; };
		C759180527F4E5CC004DB176 /* UITextField+Extension.swift in Sources */ = {isa = PBXBuildFile; fileRef = C759180427F4E5CC004DB176 /* UITextField+Extension.swift */; };
		C7721E272935E70D00A0B39E /* FeedView.swift in Sources */ = {isa = PBXBuildFile; fileRef = C7721E262935E70D00A0B39E /* FeedView.swift */; };
		C7721E2A2935EC1100A0B39E /* LogInView.swift in Sources */ = {isa = PBXBuildFile; fileRef = C7721E292935EC1100A0B39E /* LogInView.swift */; };
		C7721E2C2935FB3800A0B39E /* ProfilePresenter.swift in Sources */ = {isa = PBXBuildFile; fileRef = C7721E2B2935FB3800A0B39E /* ProfilePresenter.swift */; };
		C7721E2E2935FB4D00A0B39E /* ProfileModuleIO.swift in Sources */ = {isa = PBXBuildFile; fileRef = C7721E2D2935FB4D00A0B39E /* ProfileModuleIO.swift */; };
		C7721E302935FB5C00A0B39E /* ProfileScreenIO.swift in Sources */ = {isa = PBXBuildFile; fileRef = C7721E2F2935FB5C00A0B39E /* ProfileScreenIO.swift */; };
		C7721E322935FF1A00A0B39E /* ProfileCoordinator.swift in Sources */ = {isa = PBXBuildFile; fileRef = C7721E312935FF1A00A0B39E /* ProfileCoordinator.swift */; };
		C7721E34293600E200A0B39E /* FeedCoordinator.swift in Sources */ = {isa = PBXBuildFile; fileRef = C7721E33293600E200A0B39E /* FeedCoordinator.swift */; };
		C7721E3729360E6F00A0B39E /* ProfileDataStore.swift in Sources */ = {isa = PBXBuildFile; fileRef = C7721E3629360E6F00A0B39E /* ProfileDataStore.swift */; };
		C7721E39293621BA00A0B39E /* ProfileProvider.swift in Sources */ = {isa = PBXBuildFile; fileRef = C7721E38293621BA00A0B39E /* ProfileProvider.swift */; };
		C7721E3B2936237E00A0B39E /* ProfileTableManager.swift in Sources */ = {isa = PBXBuildFile; fileRef = C7721E3A2936237E00A0B39E /* ProfileTableManager.swift */; };
		C7721E3D2936271600A0B39E /* Array+Extension.swift in Sources */ = {isa = PBXBuildFile; fileRef = C7721E3C2936271600A0B39E /* Array+Extension.swift */; };
		C7721E3F2936288300A0B39E /* ProfileView.swift in Sources */ = {isa = PBXBuildFile; fileRef = C7721E3E2936288300A0B39E /* ProfileView.swift */; };
		C7721E4129363E1700A0B39E /* ProfileInteractor.swift in Sources */ = {isa = PBXBuildFile; fileRef = C7721E4029363E1700A0B39E /* ProfileInteractor.swift */; };
		C7721E4529373F9700A0B39E /* PhotosScreenModuleAssembly.swift in Sources */ = {isa = PBXBuildFile; fileRef = C7721E4429373F9700A0B39E /* PhotosScreenModuleAssembly.swift */; };
		C7721E472937400D00A0B39E /* PhotosModuleIO.swift in Sources */ = {isa = PBXBuildFile; fileRef = C7721E462937400D00A0B39E /* PhotosModuleIO.swift */; };
		C7721E492937405A00A0B39E /* PhotosPresenter.swift in Sources */ = {isa = PBXBuildFile; fileRef = C7721E482937405A00A0B39E /* PhotosPresenter.swift */; };
		C7721E4B293740CC00A0B39E /* PhotosScreenIO.swift in Sources */ = {isa = PBXBuildFile; fileRef = C7721E4A293740CC00A0B39E /* PhotosScreenIO.swift */; };
		C7721E4D2937421000A0B39E /* PhotosCoordinator.swift in Sources */ = {isa = PBXBuildFile; fileRef = C7721E4C2937421000A0B39E /* PhotosCoordinator.swift */; };
		C7A62C0627D244A0000CF42B /* AppDelegate.swift in Sources */ = {isa = PBXBuildFile; fileRef = C7A62C0527D244A0000CF42B /* AppDelegate.swift */; };
		C7A62C0F27D244A2000CF42B /* Assets.xcassets in Resources */ = {isa = PBXBuildFile; fileRef = C7A62C0E27D244A2000CF42B /* Assets.xcassets */; };
		C7A62C1227D244A2000CF42B /* LaunchScreen.storyboard in Resources */ = {isa = PBXBuildFile; fileRef = C7A62C1027D244A2000CF42B /* LaunchScreen.storyboard */; };
		C7A62C1A27D24B03000CF42B /* FeedScreen.swift in Sources */ = {isa = PBXBuildFile; fileRef = C7A62C1927D24B03000CF42B /* FeedScreen.swift */; };
		C7A62C1C27D24B1C000CF42B /* ProfileScreen.swift in Sources */ = {isa = PBXBuildFile; fileRef = C7A62C1B27D24B1C000CF42B /* ProfileScreen.swift */; };
		C7A62C1E27D24B39000CF42B /* PostViewController.swift in Sources */ = {isa = PBXBuildFile; fileRef = C7A62C1D27D24B39000CF42B /* PostViewController.swift */; };
		C7A62C2327D6139A000CF42B /* InfoViewController.swift in Sources */ = {isa = PBXBuildFile; fileRef = C7A62C2227D6139A000CF42B /* InfoViewController.swift */; };
		C7B9649727DF4958003AD7C1 /* ProfileHeaderView.swift in Sources */ = {isa = PBXBuildFile; fileRef = C7B9649627DF4958003AD7C1 /* ProfileHeaderView.swift */; };
		C7D593D328E05BA60061E079 /* String+Extension.swift in Sources */ = {isa = PBXBuildFile; fileRef = C7D593D228E05BA60061E079 /* String+Extension.swift */; };
		C7D593D728E06E540061E079 /* UIViewController+Extension.swift in Sources */ = {isa = PBXBuildFile; fileRef = C7D593D628E06E540061E079 /* UIViewController+Extension.swift */; };
		C7D593D928E081CC0061E079 /* UserDefaultsService.swift in Sources */ = {isa = PBXBuildFile; fileRef = C7D593D828E081CC0061E079 /* UserDefaultsService.swift */; };
		C7D593E128E238E40061E079 /* AppError.swift in Sources */ = {isa = PBXBuildFile; fileRef = C7D593E028E238E40061E079 /* AppError.swift */; };
		C7DC3A092933720A001F7289 /* UIView+Extension.swift in Sources */ = {isa = PBXBuildFile; fileRef = C7DC3A082933720A001F7289 /* UIView+Extension.swift */; };
		C7DC3A0D2933933A001F7289 /* FeedScreenModuleAssembly.swift in Sources */ = {isa = PBXBuildFile; fileRef = C7DC3A0C2933933A001F7289 /* FeedScreenModuleAssembly.swift */; };
		C7DC3A0F293395D1001F7289 /* Coordinator.swift in Sources */ = {isa = PBXBuildFile; fileRef = C7DC3A0E293395D1001F7289 /* Coordinator.swift */; };
		C7DC3A132933AA75001F7289 /* AppCoordinator.swift in Sources */ = {isa = PBXBuildFile; fileRef = C7DC3A122933AA75001F7289 /* AppCoordinator.swift */; };
		C7DC3A16293498F9001F7289 /* LogInScreenModuleAssembly.swift in Sources */ = {isa = PBXBuildFile; fileRef = C7DC3A15293498F9001F7289 /* LogInScreenModuleAssembly.swift */; };
		C7DC3A1829349995001F7289 /* LogInCoordinator.swift in Sources */ = {isa = PBXBuildFile; fileRef = C7DC3A1729349995001F7289 /* LogInCoordinator.swift */; };
		C7DC3A1B29349DAC001F7289 /* MainTabBarCoordinator.swift in Sources */ = {isa = PBXBuildFile; fileRef = C7DC3A1A29349DAC001F7289 /* MainTabBarCoordinator.swift */; };
		C7DC3A1F293507F5001F7289 /* ProfileScreenModuleAssembly.swift in Sources */ = {isa = PBXBuildFile; fileRef = C7DC3A1E293507F5001F7289 /* ProfileScreenModuleAssembly.swift */; };
		C7DC3A21293508F7001F7289 /* TabBarPage.swift in Sources */ = {isa = PBXBuildFile; fileRef = C7DC3A20293508F7001F7289 /* TabBarPage.swift */; };
		C7DC3A2329350A80001F7289 /* LogInScreenIO.swift in Sources */ = {isa = PBXBuildFile; fileRef = C7DC3A2229350A80001F7289 /* LogInScreenIO.swift */; };
		C7DC3A2529352FFC001F7289 /* LogInModuleIO.swift in Sources */ = {isa = PBXBuildFile; fileRef = C7DC3A2429352FFC001F7289 /* LogInModuleIO.swift */; };
		C7DC3A27293530B3001F7289 /* LogInPresenter.swift in Sources */ = {isa = PBXBuildFile; fileRef = C7DC3A26293530B3001F7289 /* LogInPresenter.swift */; };
		C7DC3A29293543B0001F7289 /* FeedScreenIO.swift in Sources */ = {isa = PBXBuildFile; fileRef = C7DC3A28293543B0001F7289 /* FeedScreenIO.swift */; };
		C7DC3A2B293543D3001F7289 /* FeedPresenter.swift in Sources */ = {isa = PBXBuildFile; fileRef = C7DC3A2A293543D3001F7289 /* FeedPresenter.swift */; };
		C7DC3A2D293543E3001F7289 /* FeedModuleIO.swift in Sources */ = {isa = PBXBuildFile; fileRef = C7DC3A2C293543E3001F7289 /* FeedModuleIO.swift */; };
		C7E32E3A2809D9FE007D4481 /* PostModel.swift in Sources */ = {isa = PBXBuildFile; fileRef = C7E32E392809D9FE007D4481 /* PostModel.swift */; };
		C7E32E3C280AA8F0007D4481 /* PostTableViewCell.swift in Sources */ = {isa = PBXBuildFile; fileRef = C7E32E3B280AA8F0007D4481 /* PostTableViewCell.swift */; };
		C7E32E3E280ABAF4007D4481 /* UIImage+Extension.swift in Sources */ = {isa = PBXBuildFile; fileRef = C7E32E3D280ABAF4007D4481 /* UIImage+Extension.swift */; };
		C7FA332D281C6B9100F708C2 /* PhotosTableViewCell.swift in Sources */ = {isa = PBXBuildFile; fileRef = C7FA332C281C6B9100F708C2 /* PhotosTableViewCell.swift */; };
		C7FA332F281DD35400F708C2 /* PhotosView.swift in Sources */ = {isa = PBXBuildFile; fileRef = C7FA332E281DD35400F708C2 /* PhotosView.swift */; };
		C7FA3331281E937E00F708C2 /* PhotosScreen.swift in Sources */ = {isa = PBXBuildFile; fileRef = C7FA3330281E937E00F708C2 /* PhotosScreen.swift */; };
		C7FA3335281EF73B00F708C2 /* PhotosCollectionViewCell.swift in Sources */ = {isa = PBXBuildFile; fileRef = C7FA3334281EF73B00F708C2 /* PhotosCollectionViewCell.swift */; };
		C7FA3337281F123700F708C2 /* PhotosModel.swift in Sources */ = {isa = PBXBuildFile; fileRef = C7FA3336281F123700F708C2 /* PhotosModel.swift */; };
/* End PBXBuildFile section */

/* Begin PBXFileReference section */
		C7024BA4293758770032AF77 /* Storable.swift */ = {isa = PBXFileReference; lastKnownFileType = sourcecode.swift; path = Storable.swift; sourceTree = "<group>"; };
		C7024BA7293758C70032AF77 /* DatabaseCoordinatable.swift */ = {isa = PBXFileReference; lastKnownFileType = sourcecode.swift; path = DatabaseCoordinatable.swift; sourceTree = "<group>"; };
		C7024BAB2938DDC20032AF77 /* Database.xcdatamodel */ = {isa = PBXFileReference; lastKnownFileType = wrapper.xcdatamodel; path = Database.xcdatamodel; sourceTree = "<group>"; };
		C7024BAD2938E17E0032AF77 /* CoreDataCoordinator.swift */ = {isa = PBXFileReference; lastKnownFileType = sourcecode.swift; path = CoreDataCoordinator.swift; sourceTree = "<group>"; };
		C7024BAF2939D3A80032AF77 /* FeedTableManager.swift */ = {isa = PBXFileReference; lastKnownFileType = sourcecode.swift; path = FeedTableManager.swift; sourceTree = "<group>"; };
		C759180227F39CB2004DB176 /* LogInScreen.swift */ = {isa = PBXFileReference; lastKnownFileType = sourcecode.swift; path = LogInScreen.swift; sourceTree = "<group>"; };
		C759180427F4E5CC004DB176 /* UITextField+Extension.swift */ = {isa = PBXFileReference; lastKnownFileType = sourcecode.swift; path = "UITextField+Extension.swift"; sourceTree = "<group>"; };
		C7721E262935E70D00A0B39E /* FeedView.swift */ = {isa = PBXFileReference; lastKnownFileType = sourcecode.swift; path = FeedView.swift; sourceTree = "<group>"; };
		C7721E292935EC1100A0B39E /* LogInView.swift */ = {isa = PBXFileReference; lastKnownFileType = sourcecode.swift; path = LogInView.swift; sourceTree = "<group>"; };
		C7721E2B2935FB3800A0B39E /* ProfilePresenter.swift */ = {isa = PBXFileReference; lastKnownFileType = sourcecode.swift; path = ProfilePresenter.swift; sourceTree = "<group>"; };
		C7721E2D2935FB4D00A0B39E /* ProfileModuleIO.swift */ = {isa = PBXFileReference; lastKnownFileType = sourcecode.swift; path = ProfileModuleIO.swift; sourceTree = "<group>"; };
		C7721E2F2935FB5C00A0B39E /* ProfileScreenIO.swift */ = {isa = PBXFileReference; lastKnownFileType = sourcecode.swift; path = ProfileScreenIO.swift; sourceTree = "<group>"; };
		C7721E312935FF1A00A0B39E /* ProfileCoordinator.swift */ = {isa = PBXFileReference; lastKnownFileType = sourcecode.swift; path = ProfileCoordinator.swift; sourceTree = "<group>"; };
		C7721E33293600E200A0B39E /* FeedCoordinator.swift */ = {isa = PBXFileReference; lastKnownFileType = sourcecode.swift; path = FeedCoordinator.swift; sourceTree = "<group>"; };
		C7721E3629360E6F00A0B39E /* ProfileDataStore.swift */ = {isa = PBXFileReference; lastKnownFileType = sourcecode.swift; path = ProfileDataStore.swift; sourceTree = "<group>"; };
		C7721E38293621BA00A0B39E /* ProfileProvider.swift */ = {isa = PBXFileReference; lastKnownFileType = sourcecode.swift; path = ProfileProvider.swift; sourceTree = "<group>"; };
		C7721E3A2936237E00A0B39E /* ProfileTableManager.swift */ = {isa = PBXFileReference; lastKnownFileType = sourcecode.swift; path = ProfileTableManager.swift; sourceTree = "<group>"; };
		C7721E3C2936271600A0B39E /* Array+Extension.swift */ = {isa = PBXFileReference; lastKnownFileType = sourcecode.swift; path = "Array+Extension.swift"; sourceTree = "<group>"; };
		C7721E3E2936288300A0B39E /* ProfileView.swift */ = {isa = PBXFileReference; lastKnownFileType = sourcecode.swift; path = ProfileView.swift; sourceTree = "<group>"; };
		C7721E4029363E1700A0B39E /* ProfileInteractor.swift */ = {isa = PBXFileReference; lastKnownFileType = sourcecode.swift; path = ProfileInteractor.swift; sourceTree = "<group>"; };
		C7721E4429373F9700A0B39E /* PhotosScreenModuleAssembly.swift */ = {isa = PBXFileReference; lastKnownFileType = sourcecode.swift; path = PhotosScreenModuleAssembly.swift; sourceTree = "<group>"; };
		C7721E462937400D00A0B39E /* PhotosModuleIO.swift */ = {isa = PBXFileReference; lastKnownFileType = sourcecode.swift; path = PhotosModuleIO.swift; sourceTree = "<group>"; };
		C7721E482937405A00A0B39E /* PhotosPresenter.swift */ = {isa = PBXFileReference; lastKnownFileType = sourcecode.swift; path = PhotosPresenter.swift; sourceTree = "<group>"; };
		C7721E4A293740CC00A0B39E /* PhotosScreenIO.swift */ = {isa = PBXFileReference; lastKnownFileType = sourcecode.swift; path = PhotosScreenIO.swift; sourceTree = "<group>"; };
		C7721E4C2937421000A0B39E /* PhotosCoordinator.swift */ = {isa = PBXFileReference; lastKnownFileType = sourcecode.swift; path = PhotosCoordinator.swift; sourceTree = "<group>"; };
		C7A62C0227D244A0000CF42B /* Navigation.app */ = {isa = PBXFileReference; explicitFileType = wrapper.application; includeInIndex = 0; path = Navigation.app; sourceTree = BUILT_PRODUCTS_DIR; };
		C7A62C0527D244A0000CF42B /* AppDelegate.swift */ = {isa = PBXFileReference; lastKnownFileType = sourcecode.swift; path = AppDelegate.swift; sourceTree = "<group>"; };
		C7A62C0E27D244A2000CF42B /* Assets.xcassets */ = {isa = PBXFileReference; lastKnownFileType = folder.assetcatalog; path = Assets.xcassets; sourceTree = "<group>"; };
		C7A62C1127D244A2000CF42B /* Base */ = {isa = PBXFileReference; lastKnownFileType = file.storyboard; name = Base; path = Base.lproj/LaunchScreen.storyboard; sourceTree = "<group>"; };
		C7A62C1327D244A2000CF42B /* Info.plist */ = {isa = PBXFileReference; lastKnownFileType = text.plist.xml; path = Info.plist; sourceTree = "<group>"; };
		C7A62C1927D24B03000CF42B /* FeedScreen.swift */ = {isa = PBXFileReference; lastKnownFileType = sourcecode.swift; path = FeedScreen.swift; sourceTree = "<group>"; };
		C7A62C1B27D24B1C000CF42B /* ProfileScreen.swift */ = {isa = PBXFileReference; lastKnownFileType = sourcecode.swift; path = ProfileScreen.swift; sourceTree = "<group>"; };
		C7A62C1D27D24B39000CF42B /* PostViewController.swift */ = {isa = PBXFileReference; lastKnownFileType = sourcecode.swift; path = PostViewController.swift; sourceTree = "<group>"; };
		C7A62C2227D6139A000CF42B /* InfoViewController.swift */ = {isa = PBXFileReference; lastKnownFileType = sourcecode.swift; path = InfoViewController.swift; sourceTree = "<group>"; };
		C7B9649627DF4958003AD7C1 /* ProfileHeaderView.swift */ = {isa = PBXFileReference; lastKnownFileType = sourcecode.swift; path = ProfileHeaderView.swift; sourceTree = "<group>"; };
		C7D593D228E05BA60061E079 /* String+Extension.swift */ = {isa = PBXFileReference; lastKnownFileType = sourcecode.swift; path = "String+Extension.swift"; sourceTree = "<group>"; };
		C7D593D628E06E540061E079 /* UIViewController+Extension.swift */ = {isa = PBXFileReference; lastKnownFileType = sourcecode.swift; path = "UIViewController+Extension.swift"; sourceTree = "<group>"; };
		C7D593D828E081CC0061E079 /* UserDefaultsService.swift */ = {isa = PBXFileReference; lastKnownFileType = sourcecode.swift; path = UserDefaultsService.swift; sourceTree = "<group>"; };
		C7D593E028E238E40061E079 /* AppError.swift */ = {isa = PBXFileReference; lastKnownFileType = sourcecode.swift; path = AppError.swift; sourceTree = "<group>"; };
		C7DC3A082933720A001F7289 /* UIView+Extension.swift */ = {isa = PBXFileReference; fileEncoding = 4; lastKnownFileType = sourcecode.swift; path = "UIView+Extension.swift"; sourceTree = "<group>"; };
		C7DC3A0C2933933A001F7289 /* FeedScreenModuleAssembly.swift */ = {isa = PBXFileReference; lastKnownFileType = sourcecode.swift; path = FeedScreenModuleAssembly.swift; sourceTree = "<group>"; };
		C7DC3A0E293395D1001F7289 /* Coordinator.swift */ = {isa = PBXFileReference; lastKnownFileType = sourcecode.swift; path = Coordinator.swift; sourceTree = "<group>"; };
		C7DC3A122933AA75001F7289 /* AppCoordinator.swift */ = {isa = PBXFileReference; lastKnownFileType = sourcecode.swift; path = AppCoordinator.swift; sourceTree = "<group>"; };
		C7DC3A15293498F9001F7289 /* LogInScreenModuleAssembly.swift */ = {isa = PBXFileReference; lastKnownFileType = sourcecode.swift; path = LogInScreenModuleAssembly.swift; sourceTree = "<group>"; };
		C7DC3A1729349995001F7289 /* LogInCoordinator.swift */ = {isa = PBXFileReference; lastKnownFileType = sourcecode.swift; path = LogInCoordinator.swift; sourceTree = "<group>"; };
		C7DC3A1A29349DAC001F7289 /* MainTabBarCoordinator.swift */ = {isa = PBXFileReference; lastKnownFileType = sourcecode.swift; path = MainTabBarCoordinator.swift; sourceTree = "<group>"; };
		C7DC3A1E293507F5001F7289 /* ProfileScreenModuleAssembly.swift */ = {isa = PBXFileReference; lastKnownFileType = sourcecode.swift; path = ProfileScreenModuleAssembly.swift; sourceTree = "<group>"; };
		C7DC3A20293508F7001F7289 /* TabBarPage.swift */ = {isa = PBXFileReference; lastKnownFileType = sourcecode.swift; path = TabBarPage.swift; sourceTree = "<group>"; };
		C7DC3A2229350A80001F7289 /* LogInScreenIO.swift */ = {isa = PBXFileReference; lastKnownFileType = sourcecode.swift; path = LogInScreenIO.swift; sourceTree = "<group>"; };
		C7DC3A2429352FFC001F7289 /* LogInModuleIO.swift */ = {isa = PBXFileReference; lastKnownFileType = sourcecode.swift; path = LogInModuleIO.swift; sourceTree = "<group>"; };
		C7DC3A26293530B3001F7289 /* LogInPresenter.swift */ = {isa = PBXFileReference; lastKnownFileType = sourcecode.swift; path = LogInPresenter.swift; sourceTree = "<group>"; };
		C7DC3A28293543B0001F7289 /* FeedScreenIO.swift */ = {isa = PBXFileReference; lastKnownFileType = sourcecode.swift; path = FeedScreenIO.swift; sourceTree = "<group>"; };
		C7DC3A2A293543D3001F7289 /* FeedPresenter.swift */ = {isa = PBXFileReference; lastKnownFileType = sourcecode.swift; path = FeedPresenter.swift; sourceTree = "<group>"; };
		C7DC3A2C293543E3001F7289 /* FeedModuleIO.swift */ = {isa = PBXFileReference; lastKnownFileType = sourcecode.swift; path = FeedModuleIO.swift; sourceTree = "<group>"; };
		C7E32E392809D9FE007D4481 /* PostModel.swift */ = {isa = PBXFileReference; lastKnownFileType = sourcecode.swift; path = PostModel.swift; sourceTree = "<group>"; };
		C7E32E3B280AA8F0007D4481 /* PostTableViewCell.swift */ = {isa = PBXFileReference; lastKnownFileType = sourcecode.swift; path = PostTableViewCell.swift; sourceTree = "<group>"; };
		C7E32E3D280ABAF4007D4481 /* UIImage+Extension.swift */ = {isa = PBXFileReference; lastKnownFileType = sourcecode.swift; path = "UIImage+Extension.swift"; sourceTree = "<group>"; };
		C7FA332C281C6B9100F708C2 /* PhotosTableViewCell.swift */ = {isa = PBXFileReference; lastKnownFileType = sourcecode.swift; path = PhotosTableViewCell.swift; sourceTree = "<group>"; };
		C7FA332E281DD35400F708C2 /* PhotosView.swift */ = {isa = PBXFileReference; lastKnownFileType = sourcecode.swift; path = PhotosView.swift; sourceTree = "<group>"; };
		C7FA3330281E937E00F708C2 /* PhotosScreen.swift */ = {isa = PBXFileReference; lastKnownFileType = sourcecode.swift; path = PhotosScreen.swift; sourceTree = "<group>"; };
		C7FA3334281EF73B00F708C2 /* PhotosCollectionViewCell.swift */ = {isa = PBXFileReference; lastKnownFileType = sourcecode.swift; path = PhotosCollectionViewCell.swift; sourceTree = "<group>"; };
		C7FA3336281F123700F708C2 /* PhotosModel.swift */ = {isa = PBXFileReference; lastKnownFileType = sourcecode.swift; path = PhotosModel.swift; sourceTree = "<group>"; };
/* End PBXFileReference section */

/* Begin PBXFrameworksBuildPhase section */
		C7A62BFF27D244A0000CF42B /* Frameworks */ = {
			isa = PBXFrameworksBuildPhase;
			buildActionMask = 2147483647;
			files = (
			);
			runOnlyForDeploymentPostprocessing = 0;
		};
/* End PBXFrameworksBuildPhase section */

/* Begin PBXGroup section */
		C7024BA3293758580032AF77 /* Database */ = {
			isa = PBXGroup;
			children = (
				C7024BA929375A750032AF77 /* CoreData */,
				C7024BA4293758770032AF77 /* Storable.swift */,
				C7024BA7293758C70032AF77 /* DatabaseCoordinatable.swift */,
			);
			path = Database;
			sourceTree = "<group>";
		};
		C7024BA929375A750032AF77 /* CoreData */ = {
			isa = PBXGroup;
			children = (
				C7024BAA2938DDC20032AF77 /* Database.xcdatamodeld */,
				C7024BAD2938E17E0032AF77 /* CoreDataCoordinator.swift */,
			);
			path = CoreData;
			sourceTree = "<group>";
		};
		C7024BB12939D4EA0032AF77 /* Cells */ = {
			isa = PBXGroup;
			children = (
				C7E32E3B280AA8F0007D4481 /* PostTableViewCell.swift */,
			);
			path = Cells;
			sourceTree = "<group>";
		};
		C7024BB22939D54A0032AF77 /* Model */ = {
			isa = PBXGroup;
			children = (
				C7E32E392809D9FE007D4481 /* PostModel.swift */,
			);
			path = Model;
			sourceTree = "<group>";
		};
		C73DB28A287B5A7600A8890B /* Design system */ = {
			isa = PBXGroup;
			children = (
				C7024BB12939D4EA0032AF77 /* Cells */,
			);
			path = "Design system";
			sourceTree = "<group>";
		};
		C759180A27F702E9004DB176 /* Extensions */ = {
			isa = PBXGroup;
			children = (
				C759180427F4E5CC004DB176 /* UITextField+Extension.swift */,
				C7DC3A082933720A001F7289 /* UIView+Extension.swift */,
				C7E32E3D280ABAF4007D4481 /* UIImage+Extension.swift */,
				C7D593D228E05BA60061E079 /* String+Extension.swift */,
				C7D593D628E06E540061E079 /* UIViewController+Extension.swift */,
				C7721E3C2936271600A0B39E /* Array+Extension.swift */,
			);
			path = Extensions;
			sourceTree = "<group>";
		};
		C7721E282935EBFD00A0B39E /* View */ = {
			isa = PBXGroup;
			children = (
				C7721E292935EC1100A0B39E /* LogInView.swift */,
			);
			path = View;
			sourceTree = "<group>";
		};
		C7721E3529360E4B00A0B39E /* Provider */ = {
			isa = PBXGroup;
			children = (
				C7721E3629360E6F00A0B39E /* ProfileDataStore.swift */,
				C7721E38293621BA00A0B39E /* ProfileProvider.swift */,
			);
			path = Provider;
			sourceTree = "<group>";
		};
		C7721E422936408D00A0B39E /* Common */ = {
			isa = PBXGroup;
			children = (
				C7721E3529360E4B00A0B39E /* Provider */,
				C7721E432936409D00A0B39E /* Model */,
			);
			path = Common;
			sourceTree = "<group>";
		};
		C7721E432936409D00A0B39E /* Model */ = {
			isa = PBXGroup;
			children = (
				C7FA3336281F123700F708C2 /* PhotosModel.swift */,
			);
			path = Model;
			sourceTree = "<group>";
		};
		C7750087292FC6F500D10721 /* Resources */ = {
			isa = PBXGroup;
			children = (
				C7A62C0E27D244A2000CF42B /* Assets.xcassets */,
				C7A62C1027D244A2000CF42B /* LaunchScreen.storyboard */,
			);
			path = Resources;
			sourceTree = "<group>";
		};
		C7750089292FC9C200D10721 /* Sources */ = {
			isa = PBXGroup;
			children = (
				C775008B292FCABC00D10721 /* App */,
				C775008C292FCB0A00D10721 /* Coordinators */,
				C7D593CF28E057EB0061E079 /* Services */,
				C7D593DF28E238CF0061E079 /* Common */,
				C73DB28A287B5A7600A8890B /* Design system */,
				C775008D292FCB3C00D10721 /* Screens */,
			);
			path = Sources;
			sourceTree = "<group>";
		};
		C775008A292FCA3200D10721 /* Support files */ = {
			isa = PBXGroup;
			children = (
				C7A62C1327D244A2000CF42B /* Info.plist */,
			);
			path = "Support files";
			sourceTree = "<group>";
		};
		C775008B292FCABC00D10721 /* App */ = {
			isa = PBXGroup;
			children = (
				C7A62C0527D244A0000CF42B /* AppDelegate.swift */,
			);
			path = App;
			sourceTree = "<group>";
		};
		C775008C292FCB0A00D10721 /* Coordinators */ = {
			isa = PBXGroup;
			children = (
				C7DC3A122933AA75001F7289 /* AppCoordinator.swift */,
				C7DC3A1A29349DAC001F7289 /* MainTabBarCoordinator.swift */,
				C7DC3A1729349995001F7289 /* LogInCoordinator.swift */,
				C7721E312935FF1A00A0B39E /* ProfileCoordinator.swift */,
				C7721E4C2937421000A0B39E /* PhotosCoordinator.swift */,
				C7721E33293600E200A0B39E /* FeedCoordinator.swift */,
			);
			path = Coordinators;
			sourceTree = "<group>";
		};
		C775008D292FCB3C00D10721 /* Screens */ = {
			isa = PBXGroup;
			children = (
				C7DC3A0729337093001F7289 /* Login screen */,
				C7DC39F329336EE7001F7289 /* Post screen */,
				C7B9649527DF490D003AD7C1 /* Profile screen */,
				C7A62C2127D39917000CF42B /* Info screen */,
				C7EC12B2287E058300A8E4B8 /* Feed screen */,
				C7FA3338281F191400F708C2 /* Photos screen */,
			);
			path = Screens;
			sourceTree = "<group>";
		};
		C7A62BF927D244A0000CF42B = {
			isa = PBXGroup;
			children = (
				C7A62C0427D244A0000CF42B /* Navigation */,
				C7A62C0327D244A0000CF42B /* Products */,
			);
			sourceTree = "<group>";
		};
		C7A62C0327D244A0000CF42B /* Products */ = {
			isa = PBXGroup;
			children = (
				C7A62C0227D244A0000CF42B /* Navigation.app */,
			);
			name = Products;
			sourceTree = "<group>";
		};
		C7A62C0427D244A0000CF42B /* Navigation */ = {
			isa = PBXGroup;
			children = (
				C775008A292FCA3200D10721 /* Support files */,
				C7750089292FC9C200D10721 /* Sources */,
				C7750087292FC6F500D10721 /* Resources */,
			);
			path = Navigation;
			sourceTree = "<group>";
		};
		C7A62C2127D39917000CF42B /* Info screen */ = {
			isa = PBXGroup;
			children = (
				C7A62C2227D6139A000CF42B /* InfoViewController.swift */,
			);
			path = "Info screen";
			sourceTree = "<group>";
		};
		C7B9649527DF490D003AD7C1 /* Profile screen */ = {
			isa = PBXGroup;
			children = (
				C7721E422936408D00A0B39E /* Common */,
				C7DC3A062933705E001F7289 /* View */,
				C7DC3A1E293507F5001F7289 /* ProfileScreenModuleAssembly.swift */,
				C7A62C1B27D24B1C000CF42B /* ProfileScreen.swift */,
				C7721E2B2935FB3800A0B39E /* ProfilePresenter.swift */,
				C7721E2D2935FB4D00A0B39E /* ProfileModuleIO.swift */,
				C7721E2F2935FB5C00A0B39E /* ProfileScreenIO.swift */,
				C7721E4029363E1700A0B39E /* ProfileInteractor.swift */,
			);
			path = "Profile screen";
			sourceTree = "<group>";
		};
		C7D593CF28E057EB0061E079 /* Services */ = {
			isa = PBXGroup;
			children = (
				C7024BA3293758580032AF77 /* Database */,
				C7D593D828E081CC0061E079 /* UserDefaultsService.swift */,
			);
			path = Services;
			sourceTree = "<group>";
		};
		C7D593DF28E238CF0061E079 /* Common */ = {
			isa = PBXGroup;
			children = (
				C7024BB22939D54A0032AF77 /* Model */,
				C759180A27F702E9004DB176 /* Extensions */,
				C7D593E028E238E40061E079 /* AppError.swift */,
				C7DC3A0E293395D1001F7289 /* Coordinator.swift */,
				C7DC3A20293508F7001F7289 /* TabBarPage.swift */,
			);
			path = Common;
			sourceTree = "<group>";
		};
		C7DC39F329336EE7001F7289 /* Post screen */ = {
			isa = PBXGroup;
			children = (
				C7A62C1D27D24B39000CF42B /* PostViewController.swift */,
			);
			path = "Post screen";
			sourceTree = "<group>";
		};
		C7DC39F929336FB1001F7289 /* View */ = {
			isa = PBXGroup;
			children = (
				C7FA3334281EF73B00F708C2 /* PhotosCollectionViewCell.swift */,
			);
			path = View;
			sourceTree = "<group>";
		};
		C7DC3A062933705E001F7289 /* View */ = {
			isa = PBXGroup;
			children = (
				C7FA332C281C6B9100F708C2 /* PhotosTableViewCell.swift */,
				C7FA332E281DD35400F708C2 /* PhotosView.swift */,
				C7B9649627DF4958003AD7C1 /* ProfileHeaderView.swift */,
				C7721E3A2936237E00A0B39E /* ProfileTableManager.swift */,
				C7721E3E2936288300A0B39E /* ProfileView.swift */,
			);
			path = View;
			sourceTree = "<group>";
		};
		C7DC3A0729337093001F7289 /* Login screen */ = {
			isa = PBXGroup;
			children = (
				C7721E282935EBFD00A0B39E /* View */,
				C7DC3A15293498F9001F7289 /* LogInScreenModuleAssembly.swift */,
				C759180227F39CB2004DB176 /* LogInScreen.swift */,
				C7DC3A2229350A80001F7289 /* LogInScreenIO.swift */,
				C7DC3A2429352FFC001F7289 /* LogInModuleIO.swift */,
				C7DC3A26293530B3001F7289 /* LogInPresenter.swift */,
			);
			path = "Login screen";
			sourceTree = "<group>";
		};
		C7EC12B2287E058300A8E4B8 /* Feed screen */ = {
			isa = PBXGroup;
			children = (
				C7DC3A0C2933933A001F7289 /* FeedScreenModuleAssembly.swift */,
				C7DC3A2C293543E3001F7289 /* FeedModuleIO.swift */,
				C7DC3A2A293543D3001F7289 /* FeedPresenter.swift */,
				C7A62C1927D24B03000CF42B /* FeedScreen.swift */,
				C7DC3A28293543B0001F7289 /* FeedScreenIO.swift */,
				C7EC12B5287E05EE00A8E4B8 /* View */,
			);
			path = "Feed screen";
			sourceTree = "<group>";
		};
		C7EC12B5287E05EE00A8E4B8 /* View */ = {
			isa = PBXGroup;
			children = (
				C7721E262935E70D00A0B39E /* FeedView.swift */,
				C7024BAF2939D3A80032AF77 /* FeedTableManager.swift */,
			);
			path = View;
			sourceTree = "<group>";
		};
		C7FA3338281F191400F708C2 /* Photos screen */ = {
			isa = PBXGroup;
			children = (
				C7721E4429373F9700A0B39E /* PhotosScreenModuleAssembly.swift */,
				C7FA3330281E937E00F708C2 /* PhotosScreen.swift */,
				C7721E462937400D00A0B39E /* PhotosModuleIO.swift */,
				C7721E482937405A00A0B39E /* PhotosPresenter.swift */,
				C7721E4A293740CC00A0B39E /* PhotosScreenIO.swift */,
				C7DC39F929336FB1001F7289 /* View */,
			);
			path = "Photos screen";
			sourceTree = "<group>";
		};
/* End PBXGroup section */

/* Begin PBXNativeTarget section */
		C7A62C0127D244A0000CF42B /* Navigation */ = {
			isa = PBXNativeTarget;
			buildConfigurationList = C7A62C1627D244A2000CF42B /* Build configuration list for PBXNativeTarget "Navigation" */;
			buildPhases = (
				C7A62BFE27D244A0000CF42B /* Sources */,
				C7A62BFF27D244A0000CF42B /* Frameworks */,
				C7A62C0027D244A0000CF42B /* Resources */,
			);
			buildRules = (
			);
			dependencies = (
			);
			name = Navigation;
			packageProductDependencies = (
			);
			productName = Navigation;
			productReference = C7A62C0227D244A0000CF42B /* Navigation.app */;
			productType = "com.apple.product-type.application";
		};
/* End PBXNativeTarget section */

/* Begin PBXProject section */
		C7A62BFA27D244A0000CF42B /* Project object */ = {
			isa = PBXProject;
			attributes = {
				BuildIndependentTargetsInParallel = 1;
				LastSwiftUpdateCheck = 1320;
				LastUpgradeCheck = 1320;
				TargetAttributes = {
					C7A62C0127D244A0000CF42B = {
						CreatedOnToolsVersion = 13.2.1;
					};
				};
			};
			buildConfigurationList = C7A62BFD27D244A0000CF42B /* Build configuration list for PBXProject "Navigation" */;
			compatibilityVersion = "Xcode 13.0";
			developmentRegion = en;
			hasScannedForEncodings = 0;
			knownRegions = (
				en,
				Base,
			);
			mainGroup = C7A62BF927D244A0000CF42B;
			packageReferences = (
			);
			productRefGroup = C7A62C0327D244A0000CF42B /* Products */;
			projectDirPath = "";
			projectRoot = "";
			targets = (
				C7A62C0127D244A0000CF42B /* Navigation */,
			);
		};
/* End PBXProject section */

/* Begin PBXResourcesBuildPhase section */
		C7A62C0027D244A0000CF42B /* Resources */ = {
			isa = PBXResourcesBuildPhase;
			buildActionMask = 2147483647;
			files = (
				C7A62C1227D244A2000CF42B /* LaunchScreen.storyboard in Resources */,
				C7A62C0F27D244A2000CF42B /* Assets.xcassets in Resources */,
			);
			runOnlyForDeploymentPostprocessing = 0;
		};
/* End PBXResourcesBuildPhase section */

/* Begin PBXSourcesBuildPhase section */
		C7A62BFE27D244A0000CF42B /* Sources */ = {
			isa = PBXSourcesBuildPhase;
			buildActionMask = 2147483647;
			files = (
				C7721E472937400D00A0B39E /* PhotosModuleIO.swift in Sources */,
				C759180327F39CB2004DB176 /* LogInScreen.swift in Sources */,
				C7A62C1E27D24B39000CF42B /* PostViewController.swift in Sources */,
				C7DC3A0F293395D1001F7289 /* Coordinator.swift in Sources */,
				C7A62C1C27D24B1C000CF42B /* ProfileScreen.swift in Sources */,
				C7FA332D281C6B9100F708C2 /* PhotosTableViewCell.swift in Sources */,
				C7E32E3A2809D9FE007D4481 /* PostModel.swift in Sources */,
				C7FA3337281F123700F708C2 /* PhotosModel.swift in Sources */,
				C7721E34293600E200A0B39E /* FeedCoordinator.swift in Sources */,
				C7DC3A1B29349DAC001F7289 /* MainTabBarCoordinator.swift in Sources */,
				C7A62C1A27D24B03000CF42B /* FeedScreen.swift in Sources */,
				C7721E2A2935EC1100A0B39E /* LogInView.swift in Sources */,
				C7E32E3C280AA8F0007D4481 /* PostTableViewCell.swift in Sources */,
				C7DC3A2D293543E3001F7289 /* FeedModuleIO.swift in Sources */,
				C7DC3A1829349995001F7289 /* LogInCoordinator.swift in Sources */,
				C7DC3A2B293543D3001F7289 /* FeedPresenter.swift in Sources */,
				C7721E2E2935FB4D00A0B39E /* ProfileModuleIO.swift in Sources */,
				C7DC3A0D2933933A001F7289 /* FeedScreenModuleAssembly.swift in Sources */,
				C7721E492937405A00A0B39E /* PhotosPresenter.swift in Sources */,
				C7FA3331281E937E00F708C2 /* PhotosScreen.swift in Sources */,
				C7024BA8293758C70032AF77 /* DatabaseCoordinatable.swift in Sources */,
				C7D593D728E06E540061E079 /* UIViewController+Extension.swift in Sources */,
				C7721E272935E70D00A0B39E /* FeedView.swift in Sources */,
				C7721E3729360E6F00A0B39E /* ProfileDataStore.swift in Sources */,
				C7D593D928E081CC0061E079 /* UserDefaultsService.swift in Sources */,
				C7DC3A27293530B3001F7289 /* LogInPresenter.swift in Sources */,
				C7721E4529373F9700A0B39E /* PhotosScreenModuleAssembly.swift in Sources */,
				C7721E322935FF1A00A0B39E /* ProfileCoordinator.swift in Sources */,
				C7024BAE2938E17E0032AF77 /* CoreDataCoordinator.swift in Sources */,
				C759180527F4E5CC004DB176 /* UITextField+Extension.swift in Sources */,
				C7721E39293621BA00A0B39E /* ProfileProvider.swift in Sources */,
				C7721E4129363E1700A0B39E /* ProfileInteractor.swift in Sources */,
				C7721E302935FB5C00A0B39E /* ProfileScreenIO.swift in Sources */,
				C7A62C2327D6139A000CF42B /* InfoViewController.swift in Sources */,
				C7721E4B293740CC00A0B39E /* PhotosScreenIO.swift in Sources */,
				C7DC3A2529352FFC001F7289 /* LogInModuleIO.swift in Sources */,
				C7721E4D2937421000A0B39E /* PhotosCoordinator.swift in Sources */,
				C7D593D328E05BA60061E079 /* String+Extension.swift in Sources */,
				C7024BB02939D3A80032AF77 /* FeedTableManager.swift in Sources */,
				C7DC3A21293508F7001F7289 /* TabBarPage.swift in Sources */,
				C7D593E128E238E40061E079 /* AppError.swift in Sources */,
				C7DC3A132933AA75001F7289 /* AppCoordinator.swift in Sources */,
				C7721E3B2936237E00A0B39E /* ProfileTableManager.swift in Sources */,
				C7A62C0627D244A0000CF42B /* AppDelegate.swift in Sources */,
				C7024BAC2938DDC20032AF77 /* Database.xcdatamodeld in Sources */,
				C7E32E3E280ABAF4007D4481 /* UIImage+Extension.swift in Sources */,
				C7DC3A1F293507F5001F7289 /* ProfileScreenModuleAssembly.swift in Sources */,
				C7B9649727DF4958003AD7C1 /* ProfileHeaderView.swift in Sources */,
				C7DC3A092933720A001F7289 /* UIView+Extension.swift in Sources */,
				C7024BA5293758770032AF77 /* Storable.swift in Sources */,
				C7721E3F2936288300A0B39E /* ProfileView.swift in Sources */,
				C7DC3A16293498F9001F7289 /* LogInScreenModuleAssembly.swift in Sources */,
				C7FA3335281EF73B00F708C2 /* PhotosCollectionViewCell.swift in Sources */,
				C7721E3D2936271600A0B39E /* Array+Extension.swift in Sources */,
				C7DC3A2329350A80001F7289 /* LogInScreenIO.swift in Sources */,
				C7DC3A29293543B0001F7289 /* FeedScreenIO.swift in Sources */,
				C7FA332F281DD35400F708C2 /* PhotosView.swift in Sources */,
				C7721E2C2935FB3800A0B39E /* ProfilePresenter.swift in Sources */,
			);
			runOnlyForDeploymentPostprocessing = 0;
		};
/* End PBXSourcesBuildPhase section */

/* Begin PBXVariantGroup section */
		C7A62C1027D244A2000CF42B /* LaunchScreen.storyboard */ = {
			isa = PBXVariantGroup;
			children = (
				C7A62C1127D244A2000CF42B /* Base */,
			);
			name = LaunchScreen.storyboard;
			sourceTree = "<group>";
		};
/* End PBXVariantGroup section */

/* Begin XCBuildConfiguration section */
		C7A62C1427D244A2000CF42B /* Debug */ = {
			isa = XCBuildConfiguration;
			buildSettings = {
				ALWAYS_SEARCH_USER_PATHS = NO;
				CLANG_ANALYZER_NONNULL = YES;
				CLANG_ANALYZER_NUMBER_OBJECT_CONVERSION = YES_AGGRESSIVE;
				CLANG_CXX_LANGUAGE_STANDARD = "gnu++17";
				CLANG_CXX_LIBRARY = "libc++";
				CLANG_ENABLE_MODULES = YES;
				CLANG_ENABLE_OBJC_ARC = YES;
				CLANG_ENABLE_OBJC_WEAK = YES;
				CLANG_WARN_BLOCK_CAPTURE_AUTORELEASING = YES;
				CLANG_WARN_BOOL_CONVERSION = YES;
				CLANG_WARN_COMMA = YES;
				CLANG_WARN_CONSTANT_CONVERSION = YES;
				CLANG_WARN_DEPRECATED_OBJC_IMPLEMENTATIONS = YES;
				CLANG_WARN_DIRECT_OBJC_ISA_USAGE = YES_ERROR;
				CLANG_WARN_DOCUMENTATION_COMMENTS = YES;
				CLANG_WARN_EMPTY_BODY = YES;
				CLANG_WARN_ENUM_CONVERSION = YES;
				CLANG_WARN_INFINITE_RECURSION = YES;
				CLANG_WARN_INT_CONVERSION = YES;
				CLANG_WARN_NON_LITERAL_NULL_CONVERSION = YES;
				CLANG_WARN_OBJC_IMPLICIT_RETAIN_SELF = YES;
				CLANG_WARN_OBJC_LITERAL_CONVERSION = YES;
				CLANG_WARN_OBJC_ROOT_CLASS = YES_ERROR;
				CLANG_WARN_QUOTED_INCLUDE_IN_FRAMEWORK_HEADER = YES;
				CLANG_WARN_RANGE_LOOP_ANALYSIS = YES;
				CLANG_WARN_STRICT_PROTOTYPES = YES;
				CLANG_WARN_SUSPICIOUS_MOVE = YES;
				CLANG_WARN_UNGUARDED_AVAILABILITY = YES_AGGRESSIVE;
				CLANG_WARN_UNREACHABLE_CODE = YES;
				CLANG_WARN__DUPLICATE_METHOD_MATCH = YES;
				COPY_PHASE_STRIP = NO;
				DEBUG_INFORMATION_FORMAT = dwarf;
				ENABLE_STRICT_OBJC_MSGSEND = YES;
				ENABLE_TESTABILITY = YES;
				GCC_C_LANGUAGE_STANDARD = gnu11;
				GCC_DYNAMIC_NO_PIC = NO;
				GCC_NO_COMMON_BLOCKS = YES;
				GCC_OPTIMIZATION_LEVEL = 0;
				GCC_PREPROCESSOR_DEFINITIONS = (
					"DEBUG=1",
					"$(inherited)",
				);
				GCC_WARN_64_TO_32_BIT_CONVERSION = YES;
				GCC_WARN_ABOUT_RETURN_TYPE = YES_ERROR;
				GCC_WARN_UNDECLARED_SELECTOR = YES;
				GCC_WARN_UNINITIALIZED_AUTOS = YES_AGGRESSIVE;
				GCC_WARN_UNUSED_FUNCTION = YES;
				GCC_WARN_UNUSED_VARIABLE = YES;
				IPHONEOS_DEPLOYMENT_TARGET = 15.2;
				MTL_ENABLE_DEBUG_INFO = INCLUDE_SOURCE;
				MTL_FAST_MATH = YES;
				ONLY_ACTIVE_ARCH = YES;
				SDKROOT = iphoneos;
				SWIFT_ACTIVE_COMPILATION_CONDITIONS = DEBUG;
				SWIFT_OPTIMIZATION_LEVEL = "-Onone";
			};
			name = Debug;
		};
		C7A62C1527D244A2000CF42B /* Release */ = {
			isa = XCBuildConfiguration;
			buildSettings = {
				ALWAYS_SEARCH_USER_PATHS = NO;
				CLANG_ANALYZER_NONNULL = YES;
				CLANG_ANALYZER_NUMBER_OBJECT_CONVERSION = YES_AGGRESSIVE;
				CLANG_CXX_LANGUAGE_STANDARD = "gnu++17";
				CLANG_CXX_LIBRARY = "libc++";
				CLANG_ENABLE_MODULES = YES;
				CLANG_ENABLE_OBJC_ARC = YES;
				CLANG_ENABLE_OBJC_WEAK = YES;
				CLANG_WARN_BLOCK_CAPTURE_AUTORELEASING = YES;
				CLANG_WARN_BOOL_CONVERSION = YES;
				CLANG_WARN_COMMA = YES;
				CLANG_WARN_CONSTANT_CONVERSION = YES;
				CLANG_WARN_DEPRECATED_OBJC_IMPLEMENTATIONS = YES;
				CLANG_WARN_DIRECT_OBJC_ISA_USAGE = YES_ERROR;
				CLANG_WARN_DOCUMENTATION_COMMENTS = YES;
				CLANG_WARN_EMPTY_BODY = YES;
				CLANG_WARN_ENUM_CONVERSION = YES;
				CLANG_WARN_INFINITE_RECURSION = YES;
				CLANG_WARN_INT_CONVERSION = YES;
				CLANG_WARN_NON_LITERAL_NULL_CONVERSION = YES;
				CLANG_WARN_OBJC_IMPLICIT_RETAIN_SELF = YES;
				CLANG_WARN_OBJC_LITERAL_CONVERSION = YES;
				CLANG_WARN_OBJC_ROOT_CLASS = YES_ERROR;
				CLANG_WARN_QUOTED_INCLUDE_IN_FRAMEWORK_HEADER = YES;
				CLANG_WARN_RANGE_LOOP_ANALYSIS = YES;
				CLANG_WARN_STRICT_PROTOTYPES = YES;
				CLANG_WARN_SUSPICIOUS_MOVE = YES;
				CLANG_WARN_UNGUARDED_AVAILABILITY = YES_AGGRESSIVE;
				CLANG_WARN_UNREACHABLE_CODE = YES;
				CLANG_WARN__DUPLICATE_METHOD_MATCH = YES;
				COPY_PHASE_STRIP = NO;
				DEBUG_INFORMATION_FORMAT = "dwarf-with-dsym";
				ENABLE_NS_ASSERTIONS = NO;
				ENABLE_STRICT_OBJC_MSGSEND = YES;
				GCC_C_LANGUAGE_STANDARD = gnu11;
				GCC_NO_COMMON_BLOCKS = YES;
				GCC_WARN_64_TO_32_BIT_CONVERSION = YES;
				GCC_WARN_ABOUT_RETURN_TYPE = YES_ERROR;
				GCC_WARN_UNDECLARED_SELECTOR = YES;
				GCC_WARN_UNINITIALIZED_AUTOS = YES_AGGRESSIVE;
				GCC_WARN_UNUSED_FUNCTION = YES;
				GCC_WARN_UNUSED_VARIABLE = YES;
				IPHONEOS_DEPLOYMENT_TARGET = 15.2;
				MTL_ENABLE_DEBUG_INFO = NO;
				MTL_FAST_MATH = YES;
				SDKROOT = iphoneos;
				SWIFT_COMPILATION_MODE = wholemodule;
				SWIFT_OPTIMIZATION_LEVEL = "-O";
				VALIDATE_PRODUCT = YES;
			};
			name = Release;
		};
		C7A62C1727D244A2000CF42B /* Debug */ = {
			isa = XCBuildConfiguration;
			buildSettings = {
				ASSETCATALOG_COMPILER_APPICON_NAME = AppIcon;
				ASSETCATALOG_COMPILER_GLOBAL_ACCENT_COLOR_NAME = AccentColor;
				CODE_SIGN_STYLE = Automatic;
				CURRENT_PROJECT_VERSION = 1;
				GENERATE_INFOPLIST_FILE = YES;
				INFOPLIST_FILE = "Navigation/Support files/Info.plist";
				INFOPLIST_KEY_UIApplicationSupportsIndirectInputEvents = YES;
				INFOPLIST_KEY_UILaunchStoryboardName = LaunchScreen;
				INFOPLIST_KEY_UISupportedInterfaceOrientations = "";
				INFOPLIST_KEY_UISupportedInterfaceOrientations_iPad = "UIInterfaceOrientationPortrait UIInterfaceOrientationPortraitUpsideDown UIInterfaceOrientationLandscapeLeft UIInterfaceOrientationLandscapeRight";
				INFOPLIST_KEY_UISupportedInterfaceOrientations_iPhone = "UIInterfaceOrientationPortrait UIInterfaceOrientationLandscapeLeft UIInterfaceOrientationLandscapeRight";
				LD_RUNPATH_SEARCH_PATHS = (
					"$(inherited)",
					"@executable_path/Frameworks",
				);
				MARKETING_VERSION = 1.0;
				PRODUCT_BUNDLE_IDENTIFIER = ex.astronaut.Navigation;
				PRODUCT_NAME = "$(TARGET_NAME)";
				SWIFT_EMIT_LOC_STRINGS = YES;
				SWIFT_VERSION = 5.0;
				TARGETED_DEVICE_FAMILY = "1,2";
			};
			name = Debug;
		};
		C7A62C1827D244A2000CF42B /* Release */ = {
			isa = XCBuildConfiguration;
			buildSettings = {
				ASSETCATALOG_COMPILER_APPICON_NAME = AppIcon;
				ASSETCATALOG_COMPILER_GLOBAL_ACCENT_COLOR_NAME = AccentColor;
				CODE_SIGN_STYLE = Automatic;
				CURRENT_PROJECT_VERSION = 1;
				GENERATE_INFOPLIST_FILE = YES;
				INFOPLIST_FILE = "Navigation/Support files/Info.plist";
				INFOPLIST_KEY_UIApplicationSupportsIndirectInputEvents = YES;
				INFOPLIST_KEY_UILaunchStoryboardName = LaunchScreen;
				INFOPLIST_KEY_UISupportedInterfaceOrientations = "";
				INFOPLIST_KEY_UISupportedInterfaceOrientations_iPad = "UIInterfaceOrientationPortrait UIInterfaceOrientationPortraitUpsideDown UIInterfaceOrientationLandscapeLeft UIInterfaceOrientationLandscapeRight";
				INFOPLIST_KEY_UISupportedInterfaceOrientations_iPhone = "UIInterfaceOrientationPortrait UIInterfaceOrientationLandscapeLeft UIInterfaceOrientationLandscapeRight";
				LD_RUNPATH_SEARCH_PATHS = (
					"$(inherited)",
					"@executable_path/Frameworks",
				);
				MARKETING_VERSION = 1.0;
				PRODUCT_BUNDLE_IDENTIFIER = ex.astronaut.Navigation;
				PRODUCT_NAME = "$(TARGET_NAME)";
				SWIFT_EMIT_LOC_STRINGS = YES;
				SWIFT_VERSION = 5.0;
				TARGETED_DEVICE_FAMILY = "1,2";
			};
			name = Release;
		};
/* End XCBuildConfiguration section */

/* Begin XCConfigurationList section */
		C7A62BFD27D244A0000CF42B /* Build configuration list for PBXProject "Navigation" */ = {
			isa = XCConfigurationList;
			buildConfigurations = (
				C7A62C1427D244A2000CF42B /* Debug */,
				C7A62C1527D244A2000CF42B /* Release */,
			);
			defaultConfigurationIsVisible = 0;
			defaultConfigurationName = Release;
		};
		C7A62C1627D244A2000CF42B /* Build configuration list for PBXNativeTarget "Navigation" */ = {
			isa = XCConfigurationList;
			buildConfigurations = (
				C7A62C1727D244A2000CF42B /* Debug */,
				C7A62C1827D244A2000CF42B /* Release */,
			);
			defaultConfigurationIsVisible = 0;
			defaultConfigurationName = Release;
		};
/* End XCConfigurationList section */

/* Begin XCVersionGroup section */
		C7024BAA2938DDC20032AF77 /* Database.xcdatamodeld */ = {
			isa = XCVersionGroup;
			children = (
				C7024BAB2938DDC20032AF77 /* Database.xcdatamodel */,
			);
			currentVersion = C7024BAB2938DDC20032AF77 /* Database.xcdatamodel */;
			path = Database.xcdatamodeld;
			sourceTree = "<group>";
			versionGroupType = wrapper.xcdatamodel;
		};
/* End XCVersionGroup section */
	};
	rootObject = C7A62BFA27D244A0000CF42B /* Project object */;
}
